// !$*UTF8*$!
{
	archiveVersion = 1;
	classes = {
	};
	objectVersion = 46;
	objects = {

/* Begin PBXBuildFile section */
		D403F8371A80B01E006E9955 /* AppDelegate.swift in Sources */ = {isa = PBXBuildFile; fileRef = D403F8361A80B01E006E9955 /* AppDelegate.swift */; };
		D403F8391A80B01E006E9955 /* ViewController.swift in Sources */ = {isa = PBXBuildFile; fileRef = D403F8381A80B01E006E9955 /* ViewController.swift */; };
		D403F83C1A80B01E006E9955 /* Main.storyboard in Resources */ = {isa = PBXBuildFile; fileRef = D403F83A1A80B01E006E9955 /* Main.storyboard */; };
		D403F83E1A80B01E006E9955 /* Images.xcassets in Resources */ = {isa = PBXBuildFile; fileRef = D403F83D1A80B01E006E9955 /* Images.xcassets */; };
		D403F8411A80B01E006E9955 /* LaunchScreen.xib in Resources */ = {isa = PBXBuildFile; fileRef = D403F83F1A80B01E006E9955 /* LaunchScreen.xib */; };
		D403F84D1A80B01E006E9955 /* DropboxTests.swift in Sources */ = {isa = PBXBuildFile; fileRef = D403F84C1A80B01E006E9955 /* DropboxTests.swift */; };
/* End PBXBuildFile section */

/* Begin PBXContainerItemProxy section */
		D403F8471A80B01E006E9955 /* PBXContainerItemProxy */ = {
			isa = PBXContainerItemProxy;
			containerPortal = D403F8291A80B01E006E9955 /* Project object */;
			proxyType = 1;
			remoteGlobalIDString = D403F8301A80B01E006E9955;
			remoteInfo = Dropbox;
		};
/* End PBXContainerItemProxy section */

/* Begin PBXFileReference section */
		D403F8311A80B01E006E9955 /* Dropbox.app */ = {isa = PBXFileReference; explicitFileType = wrapper.application; includeInIndex = 0; path = Dropbox.app; sourceTree = BUILT_PRODUCTS_DIR; };
		D403F8351A80B01E006E9955 /* Info.plist */ = {isa = PBXFileReference; lastKnownFileType = text.plist.xml; path = Info.plist; sourceTree = "<group>"; };
		D403F8361A80B01E006E9955 /* AppDelegate.swift */ = {isa = PBXFileReference; lastKnownFileType = sourcecode.swift; path = AppDelegate.swift; sourceTree = "<group>"; };
		D403F8381A80B01E006E9955 /* ViewController.swift */ = {isa = PBXFileReference; lastKnownFileType = sourcecode.swift; path = ViewController.swift; sourceTree = "<group>"; };
		D403F83B1A80B01E006E9955 /* Base */ = {isa = PBXFileReference; lastKnownFileType = file.storyboard; name = Base; path = Base.lproj/Main.storyboard; sourceTree = "<group>"; };
		D403F83D1A80B01E006E9955 /* Images.xcassets */ = {isa = PBXFileReference; lastKnownFileType = folder.assetcatalog; path = Images.xcassets; sourceTree = "<group>"; };
		D403F8401A80B01E006E9955 /* Base */ = {isa = PBXFileReference; lastKnownFileType = file.xib; name = Base; path = Base.lproj/LaunchScreen.xib; sourceTree = "<group>"; };
		D403F8461A80B01E006E9955 /* DropboxTests.xctest */ = {isa = PBXFileReference; explicitFileType = wrapper.cfbundle; includeInIndex = 0; path = DropboxTests.xctest; sourceTree = BUILT_PRODUCTS_DIR; };
		D403F84B1A80B01E006E9955 /* Info.plist */ = {isa = PBXFileReference; lastKnownFileType = text.plist.xml; path = Info.plist; sourceTree = "<group>"; };
		D403F84C1A80B01E006E9955 /* DropboxTests.swift */ = {isa = PBXFileReference; lastKnownFileType = sourcecode.swift; path = DropboxTests.swift; sourceTree = "<group>"; };
/* End PBXFileReference section */

/* Begin PBXFrameworksBuildPhase section */
		D403F82E1A80B01E006E9955 /* Frameworks */ = {
			isa = PBXFrameworksBuildPhase;
			buildActionMask = 2147483647;
			files = (
			);
			runOnlyForDeploymentPostprocessing = 0;
		};
		D403F8431A80B01E006E9955 /* Frameworks */ = {
			isa = PBXFrameworksBuildPhase;
			buildActionMask = 2147483647;
			files = (
			);
			runOnlyForDeploymentPostprocessing = 0;
		};
/* End PBXFrameworksBuildPhase section */

/* Begin PBXGroup section */
		D403F8281A80B01E006E9955 = {
			isa = PBXGroup;
			children = (
				D403F8331A80B01E006E9955 /* Dropbox */,
				D403F8491A80B01E006E9955 /* DropboxTests */,
				D403F8321A80B01E006E9955 /* Products */,
			);
			sourceTree = "<group>";
		};
		D403F8321A80B01E006E9955 /* Products */ = {
			isa = PBXGroup;
			children = (
				D403F8311A80B01E006E9955 /* Dropbox.app */,
				D403F8461A80B01E006E9955 /* DropboxTests.xctest */,
			);
			name = Products;
			sourceTree = "<group>";
		};
		D403F8331A80B01E006E9955 /* Dropbox */ = {
			isa = PBXGroup;
			children = (
				D403F8361A80B01E006E9955 /* AppDelegate.swift */,
				D403F8381A80B01E006E9955 /* ViewController.swift */,
				D403F83A1A80B01E006E9955 /* Main.storyboard */,
				D403F83D1A80B01E006E9955 /* Images.xcassets */,
				D403F83F1A80B01E006E9955 /* LaunchScreen.xib */,
				D403F8341A80B01E006E9955 /* Supporting Files */,
			);
			path = Dropbox;
			sourceTree = "<group>";
		};
		D403F8341A80B01E006E9955 /* Supporting Files */ = {
			isa = PBXGroup;
			children = (
				D403F8351A80B01E006E9955 /* Info.plist */,
			);
			name = "Supporting Files";
			sourceTree = "<group>";
		};
		D403F8491A80B01E006E9955 /* DropboxTests */ = {
			isa = PBXGroup;
			children = (
				D403F84C1A80B01E006E9955 /* DropboxTests.swift */,
				D403F84A1A80B01E006E9955 /* Supporting Files */,
			);
			path = DropboxTests;
			sourceTree = "<group>";
		};
		D403F84A1A80B01E006E9955 /* Supporting Files */ = {
			isa = PBXGroup;
			children = (
				D403F84B1A80B01E006E9955 /* Info.plist */,
			);
			name = "Supporting Files";
			sourceTree = "<group>";
		};
/* End PBXGroup section */

/* Begin PBXNativeTarget section */
		D403F8301A80B01E006E9955 /* Dropbox */ = {
			isa = PBXNativeTarget;
			buildConfigurationList = D403F8501A80B01E006E9955 /* Build configuration list for PBXNativeTarget "Dropbox" */;
			buildPhases = (
				D403F82D1A80B01E006E9955 /* Sources */,
				D403F82E1A80B01E006E9955 /* Frameworks */,
				D403F82F1A80B01E006E9955 /* Resources */,
			);
			buildRules = (
			);
			dependencies = (
			);
			name = Dropbox;
			productName = Dropbox;
			productReference = D403F8311A80B01E006E9955 /* Dropbox.app */;
			productType = "com.apple.product-type.application";
		};
		D403F8451A80B01E006E9955 /* DropboxTests */ = {
			isa = PBXNativeTarget;
			buildConfigurationList = D403F8531A80B01E006E9955 /* Build configuration list for PBXNativeTarget "DropboxTests" */;
			buildPhases = (
				D403F8421A80B01E006E9955 /* Sources */,
				D403F8431A80B01E006E9955 /* Frameworks */,
				D403F8441A80B01E006E9955 /* Resources */,
			);
			buildRules = (
			);
			dependencies = (
				D403F8481A80B01E006E9955 /* PBXTargetDependency */,
			);
			name = DropboxTests;
			productName = DropboxTests;
			productReference = D403F8461A80B01E006E9955 /* DropboxTests.xctest */;
			productType = "com.apple.product-type.bundle.unit-test";
		};
/* End PBXNativeTarget section */

/* Begin PBXProject section */
		D403F8291A80B01E006E9955 /* Project object */ = {
			isa = PBXProject;
			attributes = {
				LastUpgradeCheck = 0610;
				ORGANIZATIONNAME = Yahoo;
				TargetAttributes = {
					D403F8301A80B01E006E9955 = {
						CreatedOnToolsVersion = 6.1.1;
					};
					D403F8451A80B01E006E9955 = {
						CreatedOnToolsVersion = 6.1.1;
						TestTargetID = D403F8301A80B01E006E9955;
					};
				};
			};
			buildConfigurationList = D403F82C1A80B01E006E9955 /* Build configuration list for PBXProject "Dropbox" */;
			compatibilityVersion = "Xcode 3.2";
			developmentRegion = English;
			hasScannedForEncodings = 0;
			knownRegions = (
				en,
				Base,
			);
			mainGroup = D403F8281A80B01E006E9955;
			productRefGroup = D403F8321A80B01E006E9955 /* Products */;
			projectDirPath = "";
			projectRoot = "";
			targets = (
				D403F8301A80B01E006E9955 /* Dropbox */,
				D403F8451A80B01E006E9955 /* DropboxTests */,
			);
		};
/* End PBXProject section */

/* Begin PBXResourcesBuildPhase section */
		D403F82F1A80B01E006E9955 /* Resources */ = {
			isa = PBXResourcesBuildPhase;
			buildActionMask = 2147483647;
			files = (
				D403F83C1A80B01E006E9955 /* Main.storyboard in Resources */,
				D403F8411A80B01E006E9955 /* LaunchScreen.xib in Resources */,
				D403F83E1A80B01E006E9955 /* Images.xcassets in Resources */,
			);
			runOnlyForDeploymentPostprocessing = 0;
		};
		D403F8441A80B01E006E9955 /* Resources */ = {
			isa = PBXResourcesBuildPhase;
			buildActionMask = 2147483647;
			files = (
			);
			runOnlyForDeploymentPostprocessing = 0;
		};
/* End PBXResourcesBuildPhase section */

/* Begin PBXSourcesBuildPhase section */
		D403F82D1A80B01E006E9955 /* Sources */ = {
			isa = PBXSourcesBuildPhase;
			buildActionMask = 2147483647;
			files = (
				D403F8391A80B01E006E9955 /* ViewController.swift in Sources */,
				D403F8371A80B01E006E9955 /* AppDelegate.swift in Sources */,
			);
			runOnlyForDeploymentPostprocessing = 0;
		};
		D403F8421A80B01E006E9955 /* Sources */ = {
			isa = PBXSourcesBuildPhase;
			buildActionMask = 2147483647;
			files = (
				D403F84D1A80B01E006E9955 /* DropboxTests.swift in Sources */,
			);
			runOnlyForDeploymentPostprocessing = 0;
		};
/* End PBXSourcesBuildPhase section */

/* Begin PBXTargetDependency section */
		D403F8481A80B01E006E9955 /* PBXTargetDependency */ = {
			isa = PBXTargetDependency;
			target = D403F8301A80B01E006E9955 /* Dropbox */;
			targetProxy = D403F8471A80B01E006E9955 /* PBXContainerItemProxy */;
		};
/* End PBXTargetDependency section */

/* Begin PBXVariantGroup section */
		D403F83A1A80B01E006E9955 /* Main.storyboard */ = {
			isa = PBXVariantGroup;
			children = (
				D403F83B1A80B01E006E9955 /* Base */,
			);
			name = Main.storyboard;
			sourceTree = "<group>";
		};
		D403F83F1A80B01E006E9955 /* LaunchScreen.xib */ = {
			isa = PBXVariantGroup;
			children = (
				D403F8401A80B01E006E9955 /* Base */,
			);
			name = LaunchScreen.xib;
			sourceTree = "<group>";
		};
/* End PBXVariantGroup section */

/* Begin XCBuildConfiguration section */
		D403F84E1A80B01E006E9955 /* Debug */ = {
			isa = XCBuildConfiguration;
			buildSettings = {
				ALWAYS_SEARCH_USER_PATHS = NO;
				CLANG_CXX_LANGUAGE_STANDARD = "gnu++0x";
				CLANG_CXX_LIBRARY = "libc++";
				CLANG_ENABLE_MODULES = YES;
				CLANG_ENABLE_OBJC_ARC = YES;
				CLANG_WARN_BOOL_CONVERSION = YES;
				CLANG_WARN_CONSTANT_CONVERSION = YES;
				CLANG_WARN_DIRECT_OBJC_ISA_USAGE = YES_ERROR;
				CLANG_WARN_EMPTY_BODY = YES;
				CLANG_WARN_ENUM_CONVERSION = YES;
				CLANG_WARN_INT_CONVERSION = YES;
				CLANG_WARN_OBJC_ROOT_CLASS = YES_ERROR;
				CLANG_WARN_UNREACHABLE_CODE = YES;
				CLANG_WARN__DUPLICATE_METHOD_MATCH = YES;
				"CODE_SIGN_IDENTITY[sdk=iphoneos*]" = "iPhone Developer";
				COPY_PHASE_STRIP = NO;
				ENABLE_STRICT_OBJC_MSGSEND = YES;
				GCC_C_LANGUAGE_STANDARD = gnu99;
				GCC_DYNAMIC_NO_PIC = NO;
				GCC_OPTIMIZATION_LEVEL = 0;
				GCC_PREPROCESSOR_DEFINITIONS = (
					"DEBUG=1",
					"$(inherited)",
				);
				GCC_SYMBOLS_PRIVATE_EXTERN = NO;
				GCC_WARN_64_TO_32_BIT_CONVERSION = YES;
				GCC_WARN_ABOUT_RETURN_TYPE = YES_ERROR;
				GCC_WARN_UNDECLARED_SELECTOR = YES;
				GCC_WARN_UNINITIALIZED_AUTOS = YES_AGGRESSIVE;
				GCC_WARN_UNUSED_FUNCTION = YES;
				GCC_WARN_UNUSED_VARIABLE = YES;
				IPHONEOS_DEPLOYMENT_TARGET = 8.1;
				MTL_ENABLE_DEBUG_INFO = YES;
				ONLY_ACTIVE_ARCH = YES;
				SDKROOT = iphoneos;
				SWIFT_OPTIMIZATION_LEVEL = "-Onone";
			};
			name = Debug;
		};
		D403F84F1A80B01E006E9955 /* Release */ = {
			isa = XCBuildConfiguration;
			buildSettings = {
				ALWAYS_SEARCH_USER_PATHS = NO;
				CLANG_CXX_LANGUAGE_STANDARD = "gnu++0x";
				CLANG_CXX_LIBRARY = "libc++";
				CLANG_ENABLE_MODULES = YES;
				CLANG_ENABLE_OBJC_ARC = YES;
				CLANG_WARN_BOOL_CONVERSION = YES;
				CLANG_WARN_CONSTANT_CONVERSION = YES;
				CLANG_WARN_DIRECT_OBJC_ISA_USAGE = YES_ERROR;
				CLANG_WARN_EMPTY_BODY = YES;
				CLANG_WARN_ENUM_CONVERSION = YES;
				CLANG_WARN_INT_CONVERSION = YES;
				CLANG_WARN_OBJC_ROOT_CLASS = YES_ERROR;
				CLANG_WARN_UNREACHABLE_CODE = YES;
				CLANG_WARN__DUPLICATE_METHOD_MATCH = YES;
				"CODE_SIGN_IDENTITY[sdk=iphoneos*]" = "iPhone Developer";
				COPY_PHASE_STRIP = YES;
				ENABLE_NS_ASSERTIONS = NO;
				ENABLE_STRICT_OBJC_MSGSEND = YES;
				GCC_C_LANGUAGE_STANDARD = gnu99;
				GCC_WARN_64_TO_32_BIT_CONVERSION = YES;
				GCC_WARN_ABOUT_RETURN_TYPE = YES_ERROR;
				GCC_WARN_UNDECLARED_SELECTOR = YES;
				GCC_WARN_UNINITIALIZED_AUTOS = YES_AGGRESSIVE;
				GCC_WARN_UNUSED_FUNCTION = YES;
				GCC_WARN_UNUSED_VARIABLE = YES;
				IPHONEOS_DEPLOYMENT_TARGET = 8.1;
				MTL_ENABLE_DEBUG_INFO = NO;
				SDKROOT = iphoneos;
				VALIDATE_PRODUCT = YES;
			};
			name = Release;
		};
		D403F8511A80B01E006E9955 /* Debug */ = {
			isa = XCBuildConfiguration;
			buildSettings = {
				ASSETCATALOG_COMPILER_APPICON_NAME = AppIcon;
				INFOPLIST_FILE = Dropbox/Info.plist;
				LD_RUNPATH_SEARCH_PATHS = "$(inherited) @executable_path/Frameworks";
				PRODUCT_NAME = "$(TARGET_NAME)";
			};
			name = Debug;
		};
		D403F8521A80B01E006E9955 /* Release */ = {
			isa = XCBuildConfiguration;
			buildSettings = {
				ASSETCATALOG_COMPILER_APPICON_NAME = AppIcon;
				INFOPLIST_FILE = Dropbox/Info.plist;
				LD_RUNPATH_SEARCH_PATHS = "$(inherited) @executable_path/Frameworks";
				PRODUCT_NAME = "$(TARGET_NAME)";
			};
			name = Release;
		};
		D403F8541A80B01E006E9955 /* Debug */ = {
			isa = XCBuildConfiguration;
			buildSettings = {
				BUNDLE_LOADER = "$(TEST_HOST)";
				FRAMEWORK_SEARCH_PATHS = (
					"$(SDKROOT)/Developer/Library/Frameworks",
					"$(inherited)",
				);
				GCC_PREPROCESSOR_DEFINITIONS = (
					"DEBUG=1",
					"$(inherited)",
				);
				INFOPLIST_FILE = DropboxTests/Info.plist;
				LD_RUNPATH_SEARCH_PATHS = "$(inherited) @executable_path/Frameworks @loader_path/Frameworks";
				PRODUCT_NAME = "$(TARGET_NAME)";
				TEST_HOST = "$(BUILT_PRODUCTS_DIR)/Dropbox.app/Dropbox";
			};
			name = Debug;
		};
		D403F8551A80B01E006E9955 /* Release */ = {
			isa = XCBuildConfiguration;
			buildSettings = {
				BUNDLE_LOADER = "$(TEST_HOST)";
				FRAMEWORK_SEARCH_PATHS = (
					"$(SDKROOT)/Developer/Library/Frameworks",
					"$(inherited)",
				);
				INFOPLIST_FILE = DropboxTests/Info.plist;
				LD_RUNPATH_SEARCH_PATHS = "$(inherited) @executable_path/Frameworks @loader_path/Frameworks";
				PRODUCT_NAME = "$(TARGET_NAME)";
				TEST_HOST = "$(BUILT_PRODUCTS_DIR)/Dropbox.app/Dropbox";
			};
			name = Release;
		};
/* End XCBuildConfiguration section */

/* Begin XCConfigurationList section */
		D403F82C1A80B01E006E9955 /* Build configuration list for PBXProject "Dropbox" */ = {
			isa = XCConfigurationList;
			buildConfigurations = (
				D403F84E1A80B01E006E9955 /* Debug */,
				D403F84F1A80B01E006E9955 /* Release */,
			);
			defaultConfigurationIsVisible = 0;
			defaultConfigurationName = Release;
		};
		D403F8501A80B01E006E9955 /* Build configuration list for PBXNativeTarget "Dropbox" */ = {
			isa = XCConfigurationList;
			buildConfigurations = (
				D403F8511A80B01E006E9955 /* Debug */,
				D403F8521A80B01E006E9955 /* Release */,
			);
			defaultConfigurationIsVisible = 0;
		};
		D403F8531A80B01E006E9955 /* Build configuration list for PBXNativeTarget "DropboxTests" */ = {
			isa = XCConfigurationList;
			buildConfigurations = (
				D403F8541A80B01E006E9955 /* Debug */,
				D403F8551A80B01E006E9955 /* Release */,
			);
			defaultConfigurationIsVisible = 0;
		};
/* End XCConfigurationList section */
	};
	rootObject = D403F8291A80B01E006E9955 /* Project object */;
}
